{
  "name": "prometheus-io",
  "version": "0.46.0",
  "lockfileVersion": 2,
  "requires": true,
  "packages": {
    "": {
      "name": "prometheus-io",
      "version": "0.46.0",
      "workspaces": [
        "react-app",
        "module/*"
      ],
      "devDependencies": {
        "@types/jest": "^29.5.2",
        "@types/node": "^17.0.45",
        "eslint-config-prettier": "^8.8.0",
        "eslint-config-react-app": "^7.0.1",
        "eslint-plugin-prettier": "^4.2.1",
        "jest-canvas-mock": "^2.5.1",
        "jest-fetch-mock": "^3.0.3",
        "prettier": "^2.8.8",
        "react-scripts": "^5.0.1",
        "ts-jest": "^29.1.0",
        "typescript": "^4.9.5"
      },
      "engines": {
        "npm": ">=7.0.0"
      }
    },
    "module/codemirror-promql": {
      "name": "@prometheus-io/codemirror-promql",
      "version": "0.47.0",
      "license": "Apache-2.0",
      "dependencies": {
        "@prometheus-io/lezer-promql": "0.47.0",
        "lru-cache": "^7.18.3"
      },
      "devDependencies": {
        "@codemirror/autocomplete": "^6.7.1",
        "@codemirror/language": "^6.7.0",
        "@codemirror/lint": "^6.2.2",
        "@codemirror/state": "^6.2.1",
        "@codemirror/view": "^6.13.0",
        "@lezer/common": "^1.0.3",
        "@lezer/highlight": "^1.1.6",
        "@lezer/lr": "^1.3.6",
        "isomorphic-fetch": "^3.0.0",
        "nock": "^13.3.1"
      },
      "engines": {
        "node": ">=12.0.0"
      },
      "peerDependencies": {
        "@codemirror/autocomplete": "^6.4.0",
        "@codemirror/language": "^6.3.0",
        "@codemirror/lint": "^6.0.0",
        "@codemirror/state": "^6.1.1",
        "@codemirror/view": "^6.4.0",
        "@lezer/common": "^1.0.1"
      }
    },
    "module/codemirror-promql/node_modules/lru-cache": {
      "version": "7.18.3",
      "resolved": "https://registry.npmjs.org/lru-cache/-/lru-cache-7.18.3.tgz",
      "integrity": "sha512-jumlc0BIUrS3qJGgIkWZsyfAM7NCWiBcCDhnd+3NNM5KbBmLTgHVfWBcg6W+rLUsIpzpERPsvwUP7CckAQSOoA==",
      "engines": {
        "node": ">=12"
      }
    },
    "module/lezer-promql": {
      "name": "@prometheus-io/lezer-promql",
      "version": "0.47.0",
      "license": "Apache-2.0",
      "devDependencies": {
        "@lezer/generator": "^1.2.3",
        "@lezer/highlight": "^1.1.6",
        "@lezer/lr": "^1.3.6"
      },
      "peerDependencies": {
        "@lezer/highlight": "^1.1.2",
        "@lezer/lr": "^1.2.3"
      }
    },
    "node_modules/@ampproject/remapping": {
      "version": "2.2.0",
      "resolved": "https://registry.npmjs.org/@ampproject/remapping/-/remapping-2.2.0.tgz",
      "integrity": "sha512-qRmjj8nj9qmLTQXXmaR1cck3UXSRMPrbsLJAasZpF+t3riI71BXed5ebIOYwQntykeZuhjsdweEc9BxH5Jc26w==",
      "dev": true,
      "dependencies": {
        "@jridgewell/gen-mapping": "^0.1.0",
        "@jridgewell/trace-mapping": "^0.3.9"
      },
      "engines": {
        "node": ">=6.0.0"
      }
    },
    "node_modules/@babel/code-frame": {
      "version": "7.18.6",
      "resolved": "https://registry.npmjs.org/@babel/code-frame/-/code-frame-7.18.6.tgz",
      "integrity": "sha512-TDCmlK5eOvH+eH7cdAFlNXeVJqWIQ7gW9tY1GJIpUtFb6CmjVyq2VM3u71bOyR8CRihcCgMUYoDNyLXao3+70Q==",
      "dev": true,
      "dependencies": {
        "@babel/highlight": "^7.18.6"
      },
      "engines": {
        "node": ">=6.9.0"
      }
    },
    "node_modules/@babel/compat-data": {
      "version": "7.19.3",
      "resolved": "https://registry.npmjs.org/@babel/compat-data/-/compat-data-7.19.3.tgz",
      "integrity": "sha512-prBHMK4JYYK+wDjJF1q99KK4JLL+egWS4nmNqdlMUgCExMZ+iZW0hGhyC3VEbsPjvaN0TBhW//VIFwBrk8sEiw==",
      "dev": true,
      "engines": {
        "node": ">=6.9.0"
      }
    },
    "node_modules/@babel/core": {
      "version": "7.19.3",
      "resolved": "https://registry.npmjs.org/@babel/core/-/core-7.19.3.tgz",
      "integrity": "sha512-WneDJxdsjEvyKtXKsaBGbDeiyOjR5vYq4HcShxnIbG0qixpoHjI3MqeZM9NDvsojNCEBItQE4juOo/bU6e72gQ==",
      "dev": true,
      "dependencies": {
        "@ampproject/remapping": "^2.1.0",
        "@babel/code-frame": "^7.18.6",
        "@babel/generator": "^7.19.3",
        "@babel/helper-compilation-targets": "^7.19.3",
        "@babel/helper-module-transforms": "^7.19.0",
        "@babel/helpers": "^7.19.0",
        "@babel/parser": "^7.19.3",
        "@babel/template": "^7.18.10",
        "@babel/traverse": "^7.19.3",
        "@babel/types": "^7.19.3",
        "convert-source-map": "^1.7.0",
        "debug": "^4.1.0",
        "gensync": "^1.0.0-beta.2",
        "json5": "^2.2.1",
        "semver": "^6.3.0"
      },
      "engines": {
        "node": ">=6.9.0"
      },
      "funding": {
        "type": "opencollective",
        "url": "https://opencollective.com/babel"
      }
    },
    "node_modules/@babel/eslint-parser": {
      "version": "7.19.1",
      "resolved": "https://registry.npmjs.org/@babel/eslint-parser/-/eslint-parser-7.19.1.tgz",
      "integrity": "sha512-AqNf2QWt1rtu2/1rLswy6CDP7H9Oh3mMhk177Y67Rg8d7RD9WfOLLv8CGn6tisFvS2htm86yIe1yLF6I1UDaGQ==",
      "dev": true,
      "dependencies": {
        "@nicolo-ribaudo/eslint-scope-5-internals": "5.1.1-v1",
        "eslint-visitor-keys": "^2.1.0",
        "semver": "^6.3.0"
      },
      "engines": {
        "node": "^10.13.0 || ^12.13.0 || >=14.0.0"
      },
      "peerDependencies": {
        "@babel/core": ">=7.11.0",
        "eslint": "^7.5.0 || ^8.0.0"
      }
    },
    "node_modules/@babel/eslint-parser/node_modules/eslint-visitor-keys": {
      "version": "2.1.0",
      "resolved": "https://registry.npmjs.org/eslint-visitor-keys/-/eslint-visitor-keys-2.1.0.tgz",
      "integrity": "sha512-0rSmRBzXgDzIsD6mGdJgevzgezI534Cer5L/vyMX0kHzT/jiB43jRhd9YUlMGYLQy2zprNmoT8qasCGtY+QaKw==",
      "dev": true,
      "engines": {
        "node": ">=10"
      }
    },
    "node_modules/@babel/generator": {
      "version": "7.19.3",
      "resolved": "https://registry.npmjs.org/@babel/generator/-/generator-7.19.3.tgz",
      "integrity": "sha512-fqVZnmp1ncvZU757UzDheKZpfPgatqY59XtW2/j/18H7u76akb8xqvjw82f+i2UKd/ksYsSick/BCLQUUtJ/qQ==",
      "dev": true,
      "dependencies": {
        "@babel/types": "^7.19.3",
        "@jridgewell/gen-mapping": "^0.3.2",
        "jsesc": "^2.5.1"
      },
      "engines": {
        "node": ">=6.9.0"
      }
    },
    "node_modules/@babel/generator/node_modules/@jridgewell/gen-mapping": {
      "version": "0.3.2",
      "resolved": "https://registry.npmjs.org/@jridgewell/gen-mapping/-/gen-mapping-0.3.2.tgz",
      "integrity": "sha512-mh65xKQAzI6iBcFzwv28KVWSmCkdRBWoOh+bYQGW3+6OZvbbN3TqMGo5hqYxQniRcH9F2VZIoJCm4pa3BPDK/A==",
      "dev": true,
      "dependencies": {
        "@jridgewell/set-array": "^1.0.1",
        "@jridgewell/sourcemap-codec": "^1.4.10",
        "@jridgewell/trace-mapping": "^0.3.9"
      },
      "engines": {
        "node": ">=6.0.0"
      }
    },
    "node_modules/@babel/helper-annotate-as-pure": {
      "version": "7.18.6",
      "resolved": "https://registry.npmjs.org/@babel/helper-annotate-as-pure/-/helper-annotate-as-pure-7.18.6.tgz",
      "integrity": "sha512-duORpUiYrEpzKIop6iNbjnwKLAKnJ47csTyRACyEmWj0QdUrm5aqNJGHSSEQSUAvNW0ojX0dOmK9dZduvkfeXA==",
      "dev": true,
      "dependencies": {
        "@babel/types": "^7.18.6"
      },
      "engines": {
        "node": ">=6.9.0"
      }
    },
    "node_modules/@babel/helper-builder-binary-assignment-operator-visitor": {
      "version": "7.18.9",
      "resolved": "https://registry.npmjs.org/@babel/helper-builder-binary-assignment-operator-visitor/-/helper-builder-binary-assignment-operator-visitor-7.18.9.tgz",
      "integrity": "sha512-yFQ0YCHoIqarl8BCRwBL8ulYUaZpz3bNsA7oFepAzee+8/+ImtADXNOmO5vJvsPff3qi+hvpkY/NYBTrBQgdNw==",
      "dev": true,
      "dependencies": {
        "@babel/helper-explode-assignable-expression": "^7.18.6",
        "@babel/types": "^7.18.9"
      },
      "engines": {
        "node": ">=6.9.0"
      }
    },
    "node_modules/@babel/helper-compilation-targets": {
      "version": "7.19.3",
      "resolved": "https://registry.npmjs.org/@babel/helper-compilation-targets/-/helper-compilation-targets-7.19.3.tgz",
      "integrity": "sha512-65ESqLGyGmLvgR0mst5AdW1FkNlj9rQsCKduzEoEPhBCDFGXvz2jW6bXFG6i0/MrV2s7hhXjjb2yAzcPuQlLwg==",
      "dev": true,
      "dependencies": {
        "@babel/compat-data": "^7.19.3",
        "@babel/helper-validator-option": "^7.18.6",
        "browserslist": "^4.21.3",
        "semver": "^6.3.0"
      },
      "engines": {
        "node": ">=6.9.0"
      },
      "peerDependencies": {
        "@babel/core": "^7.0.0"
      }
    },
    "node_modules/@babel/helper-create-class-features-plugin": {
      "version": "7.19.0",
      "resolved": "https://registry.npmjs.org/@babel/helper-create-class-features-plugin/-/helper-create-class-features-plugin-7.19.0.tgz",
      "integrity": "sha512-NRz8DwF4jT3UfrmUoZjd0Uph9HQnP30t7Ash+weACcyNkiYTywpIjDBgReJMKgr+n86sn2nPVVmJ28Dm053Kqw==",
      "dev": true,
      "dependencies": {
        "@babel/helper-annotate-as-pure": "^7.18.6",
        "@babel/helper-environment-visitor": "^7.18.9",
        "@babel/helper-function-name": "^7.19.0",
        "@babel/helper-member-expression-to-functions": "^7.18.9",
        "@babel/helper-optimise-call-expression": "^7.18.6",
        "@babel/helper-replace-supers": "^7.18.9",
        "@babel/helper-split-export-declaration": "^7.18.6"
      },
      "engines": {
        "node": ">=6.9.0"
      },
      "peerDependencies": {
        "@babel/core": "^7.0.0"
      }
    },
    "node_modules/@babel/helper-create-regexp-features-plugin": {
      "version": "7.19.0",
      "resolved": "https://registry.npmjs.org/@babel/helper-create-regexp-features-plugin/-/helper-create-regexp-features-plugin-7.19.0.tgz",
      "integrity": "sha512-htnV+mHX32DF81amCDrwIDr8nrp1PTm+3wfBN9/v8QJOLEioOCOG7qNyq0nHeFiWbT3Eb7gsPwEmV64UCQ1jzw==",
      "dev": true,
      "dependencies": {
        "@babel/helper-annotate-as-pure": "^7.18.6",
        "regexpu-core": "^5.1.0"
      },
      "engines": {
        "node": ">=6.9.0"
      },
      "peerDependencies": {
        "@babel/core": "^7.0.0"
      }
    },
    "node_modules/@babel/helper-define-polyfill-provider": {
      "version": "0.3.3",
      "resolved": "https://registry.npmjs.org/@babel/helper-define-polyfill-provider/-/helper-define-polyfill-provider,
