{
  "name": "prometheus",
  "requires": true,
  "lockfileVersion": 1,
  "dependencies": {
    "@lezer/common": {
      "version": "0.15.11",
      "resolved": "https://artifact.plaid.io/artifactory/api/npm/npm-all/@lezer/common/-/common-0.15.11.tgz",
      "integrity": "sha1-lltQZwNjBfEuij78NEB2hQvh06g="
    },
    "@lezer/generator": {
      "version": "0.15.2",
      "resolved": "https://artifact.plaid.io/artifactory/api/npm/npm-all/@lezer/generator/-/generator-0.15.2.tgz",
      "integrity": "sha1-EPqPq1ilYcK9KifXtPILEIDGy2w=",
      "requires": {
        "@lezer/common": "^0.15.0",
        "@lezer/lr": "^0.15.0"
      }
    },
    "@lezer/lr": {
      "version": "0.15.5",
      "resolved": "https://artifact.plaid.io/artifactory/api/npm/npm-all/@lezer/lr/-/lr-0.15.5.tgz",
      "integrity": "sha1-S85EFpxEHZ3ae+OY9SAuplxfETg=",
      "requires": {
        "@lezer/common": "^0.15.0"
      }
    },
    "typescript": {
      "version": "4.5.4",
      "resolved": "https://artifact.plaid.io/artifactory/api/npm/npm-all/typescript/-/typescript-4.5.4.tgz",
      "integrity": "sha1-oX06AmO/XIcjucUvQ8UITt8Twug="
    }
  }
}
