# Generated by buf. DO NOT EDIT.
version: v1
deps:
  - remote: buf.build
    owner: grafana
    repository: wiresmith
    commit: 467e8721da70444aa4920d0c80be2154
    digest: shake256:aafa41073a31b20ce2fad9f1a3b166b1d4c58ba24a54f9e2496ed6021ca45c604c7e3eb738764be7d36479461bf1fe61a65042d9f4b3ab3d901242c84ebc0246
