name: 'Lock Threads'

on:
  schedule:
    - cron: '13 23 * * *'
  workflow_dispatch:

permissions:
  issues: write

concurrency:
  group: lock

jobs:
  action:
    runs-on: ubuntu-latest
    steps:
      - uses: dessant/lock-threads@e460dfeb36e731f3aeb214be6b0c9a9d9a67eda6 # v3
        with:
          process-only: 'issues'
          issue-inactive-days: '180'
          github-token: ${{ secrets.PROMBOT_LOCKTHREADS_TOKEN }}
