name: 'Lock Threads'

on:
  schedule:
    - cron: '13 23 * * *'
  workflow_dispatch:

permissions:
  issues: write

concurrency:
  group: lock

jobs:
  action:
    runs-on: ubuntu-latest
    if: github.repository_owner == 'prometheus'
    steps:
      - uses: dessant/lock-threads@7266a7ce5c1df01b1c6db85bf8cd86c737dadbe7 # v6.0.0
        with:
          process-only: 'issues'
          issue-inactive-days: '180'
          github-token: ${{ secrets.PROMBOT_LOCKTHREADS_TOKEN }}
